
Microsoft Visual Studio Solution File, Format Version 11.00
# Visual Studio 2010
Project("{FAE04EC0-301F-11D3-BF4B-00C04F79EFBC}") = "UnityEngine.UI", "UnityEngine.UI.csproj", "{d289d553-7692-baee-ee33-b728f41b54b1}"
EndProject
Project("{FAE04EC0-301F-11D3-BF4B-00C04F79EFBC}") = "UnityEngine.SpatialTracking", "UnityEngine.SpatialTracking.csproj", "{6c7369ec-7740-ad9a-a897-952d2413b53e}"
EndProject
Project("{FAE04EC0-301F-11D3-BF4B-00C04F79EFBC}") = "Unity.RenderPipelines.Core.Runtime", "Unity.RenderPipelines.Core.Runtime.csproj", "{b8738621-5b4e-be52-a2e0-bffbd4c6804a}"
EndProject
Project("{FAE04EC0-301F-11D3-BF4B-00C04F79EFBC}") = "UnityEngine.TestRunner", "UnityEngine.TestRunner.csproj", "{fb108eef-5744-57ba-5379-d70f30463b46}"
EndProject
Project("{FAE04EC0-301F-11D3-BF4B-00C04F79EFBC}") = "Unity.Services.Core.Telemetry", "Unity.Services.Core.Telemetry.csproj", "{275fcab0-170e-21f5-10eb-fc86bef98cdf}"
EndProject
Project("{FAE04EC0-301F-11D3-BF4B-00C04F79EFBC}") = "Unity.VisualScripting.State", "Unity.VisualScripting.State.csproj", "{1712c322-a7cf-f9f2-3867-c1830baa59ff}"
EndProject
Project("{FAE04EC0-301F-11D3-BF4B-00C04F79EFBC}") = "UnityEngine.Purchasing.WinRTCore", "UnityEngine.Purchasing.WinRTCore.csproj", "{7a7b7577-9df0-ddd2-53b2-887171fa6b37}"
EndProject
Project("{FAE04EC0-301F-11D3-BF4B-00C04F79EFBC}") = "Unity.RenderPipelines.Universal.Runtime", "Unity.RenderPipelines.Universal.Runtime.csproj", "{ad59864d-06a1-eec8-bcda-e2be86384995}"
EndProject
Project("{FAE04EC0-301F-11D3-BF4B-00C04F79EFBC}") = "Unity.VisualScripting.Flow", "Unity.VisualScripting.Flow.csproj", "{d4f2a35b-fb8c-f608-d027-d5e160d7bf9f}"
EndProject
Project("{FAE04EC0-301F-11D3-BF4B-00C04F79EFBC}") = "Unity.VisualScripting.Core", "Unity.VisualScripting.Core.csproj", "{49a2c231-ca93-eba0-c50f-e7e96336cbea}"
EndProject
Project("{FAE04EC0-301F-11D3-BF4B-00C04F79EFBC}") = "UnityEngine.Purchasing.AppleCore", "UnityEngine.Purchasing.AppleCore.csproj", "{1f634442-f486-d2d0-a349-240a0ebf1569}"
EndProject
Project("{FAE04EC0-301F-11D3-BF4B-00C04F79EFBC}") = "Unity.Services.Core.Environments.Internal", "Unity.Services.Core.Environments.Internal.csproj", "{9741fb34-4232-639b-f94f-aa49fe71448c}"
EndProject
Project("{FAE04EC0-301F-11D3-BF4B-00C04F79EFBC}") = "Unity.2D.Animation.Runtime", "Unity.2D.Animation.Runtime.csproj", "{17007daf-a086-d49a-4142-ff6c894f6a82}"
EndProject
Project("{FAE04EC0-301F-11D3-BF4B-00C04F79EFBC}") = "Unity.TextMeshPro", "Unity.TextMeshPro.csproj", "{3c61630b-93ee-7d03-cdea-0ab3ebd7c52c}"
EndProject
Project("{FAE04EC0-301F-11D3-BF4B-00C04F79EFBC}") = "Unity.Burst", "Unity.Burst.csproj", "{3fbeeedb-29b9-e8bf-90b1-729e3cb22cb3}"
EndProject
Project("{FAE04EC0-301F-11D3-BF4B-00C04F79EFBC}") = "UnityEngine.Purchasing.Stores", "UnityEngine.Purchasing.Stores.csproj", "{7f032456-91ec-0f96-4a2b-e6146c24fa27}"
EndProject
Project("{FAE04EC0-301F-11D3-BF4B-00C04F79EFBC}") = "Unity.RenderPipeline.Universal.ShaderLibrary", "Unity.RenderPipeline.Universal.ShaderLibrary.csproj", "{58c687e9-27aa-d61f-b124-81d62423106b}"
EndProject
Project("{FAE04EC0-301F-11D3-BF4B-00C04F79EFBC}") = "Unity.Mediation", "Unity.Mediation.csproj", "{52b2e83d-8d40-d43a-ad52-07a54759a786}"
EndProject
Project("{FAE04EC0-301F-11D3-BF4B-00C04F79EFBC}") = "UnityEngine.Purchasing", "UnityEngine.Purchasing.csproj", "{19951c36-0e04-49a1-0991-9b247aefd430}"
EndProject
Project("{FAE04EC0-301F-11D3-BF4B-00C04F79EFBC}") = "Unity.Services.Core.Environments", "Unity.Services.Core.Environments.csproj", "{f7823316-927e-d2be-8084-e2e18feff58b}"
EndProject
Project("{FAE04EC0-301F-11D3-BF4B-00C04F79EFBC}") = "UnityEngine.Purchasing.SecurityStub", "UnityEngine.Purchasing.SecurityStub.csproj", "{3830ed3e-8b28-b343-ab65-1a074ae22073}"
EndProject
Project("{FAE04EC0-301F-11D3-BF4B-00C04F79EFBC}") = "Unity.2D.SpriteShape.Runtime", "Unity.2D.SpriteShape.Runtime.csproj", "{1bcdeaa0-d1de-b740-521d-7802ea19657c}"
EndProject
Project("{FAE04EC0-301F-11D3-BF4B-00C04F79EFBC}") = "Unity.Services.Core.Internal", "Unity.Services.Core.Internal.csproj", "{c5dc7e3a-86ca-84c1-f71d-5820481d0934}"
EndProject
Project("{FAE04EC0-301F-11D3-BF4B-00C04F79EFBC}") = "AstarPathfindingProject", "AstarPathfindingProject.csproj", "{be1f6de8-1df4-83f4-748b-2dc93bab5a97}"
EndProject
Project("{FAE04EC0-301F-11D3-BF4B-00C04F79EFBC}") = "Unity.Timeline", "Unity.Timeline.csproj", "{de48aea0-f8cf-b438-4927-d4254fd2beda}"
EndProject
Project("{FAE04EC0-301F-11D3-BF4B-00C04F79EFBC}") = "Unity.Mathematics", "Unity.Mathematics.csproj", "{08457a34-50f5-7cd3-add6-be2538a964a6}"
EndProject
Project("{FAE04EC0-301F-11D3-BF4B-00C04F79EFBC}") = "Unity.Services.Core.Scheduler", "Unity.Services.Core.Scheduler.csproj", "{c8eb7b07-15d9-0cec-ce62-94d9924e503d}"
EndProject
Project("{FAE04EC0-301F-11D3-BF4B-00C04F79EFBC}") = "Unity.2D.PixelPerfect", "Unity.2D.PixelPerfect.csproj", "{3858849b-194a-20f1-b10e-ca4aca6640e4}"
EndProject
Project("{FAE04EC0-301F-11D3-BF4B-00C04F79EFBC}") = "Unity.Services.Core.Device", "Unity.Services.Core.Device.csproj", "{c6d48b15-4081-922c-fb15-c33fa7ca117b}"
EndProject
Project("{FAE04EC0-301F-11D3-BF4B-00C04F79EFBC}") = "Assembly-CSharp", "Assembly-CSharp.csproj", "{da44f399-5ab9-a6e9-f323-2b9f9aab26cb}"
EndProject
Project("{FAE04EC0-301F-11D3-BF4B-00C04F79EFBC}") = "UnityEngine.Purchasing.WinRTStub", "UnityEngine.Purchasing.WinRTStub.csproj", "{e7f0a040-ba68-53b1-2720-788ae3fd86c3}"
EndProject
Project("{FAE04EC0-301F-11D3-BF4B-00C04F79EFBC}") = "Unity.Services.Core.Analytics", "Unity.Services.Core.Analytics.csproj", "{b792594a-8c63-9422-e25c-e0360a11505d}"
EndProject
Project("{FAE04EC0-301F-11D3-BF4B-00C04F79EFBC}") = "Unity.2D.IK.Runtime", "Unity.2D.IK.Runtime.csproj", "{31d9f0b4-52aa-acaa-9ddd-4ea0aff148fe}"
EndProject
Project("{FAE04EC0-301F-11D3-BF4B-00C04F79EFBC}") = "UnityEngine.Purchasing.SecurityCore", "UnityEngine.Purchasing.SecurityCore.csproj", "{606d6dbf-2afb-4a88-2fca-c588bc8fd939}"
EndProject
Project("{FAE04EC0-301F-11D3-BF4B-00C04F79EFBC}") = "Unity.2D.Common.Runtime", "Unity.2D.Common.Runtime.csproj", "{b10e625e-c1db-c7cf-0e84-3f627f82c1c4}"
EndProject
Project("{FAE04EC0-301F-11D3-BF4B-00C04F79EFBC}") = "Unity.2D.Tilemap.Extras", "Unity.2D.Tilemap.Extras.csproj", "{b61bd9c7-e439-4e60-f157-529e884fa7ef}"
EndProject
Project("{FAE04EC0-301F-11D3-BF4B-00C04F79EFBC}") = "Unity.Analytics.DataPrivacy", "Unity.Analytics.DataPrivacy.csproj", "{00aa4732-4c89-f581-9368-682b5ee4dd55}"
EndProject
Project("{FAE04EC0-301F-11D3-BF4B-00C04F79EFBC}") = "Purchasing.Common", "Purchasing.Common.csproj", "{fc59d294-beb1-a7c2-3568-e885e3121684}"
EndProject
Project("{FAE04EC0-301F-11D3-BF4B-00C04F79EFBC}") = "Unity.Services.Core.Configuration", "Unity.Services.Core.Configuration.csproj", "{dadd555b-bcea-2c4e-0d24-ab25ab87c6b6}"
EndProject
Project("{FAE04EC0-301F-11D3-BF4B-00C04F79EFBC}") = "Unity.Services.Core.Threading", "Unity.Services.Core.Threading.csproj", "{a2a20e34-39b6-2dda-0bf3-0581aa6ebe12}"
EndProject
Project("{FAE04EC0-301F-11D3-BF4B-00C04F79EFBC}") = "UnityEngine.XR.LegacyInputHelpers", "UnityEngine.XR.LegacyInputHelpers.csproj", "{d26692b3-801b-ba67-6ad2-29db35e447eb}"
EndProject
Project("{FAE04EC0-301F-11D3-BF4B-00C04F79EFBC}") = "Unity.Services.Core", "Unity.Services.Core.csproj", "{41d4c922-18bf-89ce-1dba-fac32c3ac680}"
EndProject
Project("{FAE04EC0-301F-11D3-BF4B-00C04F79EFBC}") = "Unity.Services.Core.Networking", "Unity.Services.Core.Networking.csproj", "{d086371a-d169-d27c-786e-15fb828afcec}"
EndProject
Project("{FAE04EC0-301F-11D3-BF4B-00C04F79EFBC}") = "Unity.Services.Core.Registration", "Unity.Services.Core.Registration.csproj", "{817cabe8-90ee-079c-d793-65e8b8ed3a9c}"
EndProject
Project("{FAE04EC0-301F-11D3-BF4B-00C04F79EFBC}") = "UnityEngine.Purchasing.AppleMacosStub", "UnityEngine.Purchasing.AppleMacosStub.csproj", "{e32929cf-14c1-fdd3-0dc5-7a97afad3541}"
EndProject
Project("{FAE04EC0-301F-11D3-BF4B-00C04F79EFBC}") = "Unity.RenderPipelines.ShaderGraph.ShaderGraphLibrary", "Unity.RenderPipelines.ShaderGraph.ShaderGraphLibrary.csproj", "{1062ec9d-9b7a-e52f-7012-ed349f14bb27}"
EndProject
Project("{FAE04EC0-301F-11D3-BF4B-00C04F79EFBC}") = "UnityEngine.Purchasing.Codeless", "UnityEngine.Purchasing.Codeless.csproj", "{9c2bd7a7-027b-cbf6-c2c1-08fef787faaf}"
EndProject
Project("{FAE04EC0-301F-11D3-BF4B-00C04F79EFBC}") = "Unity.RenderPipelines.Core.ShaderLibrary", "Unity.RenderPipelines.Core.ShaderLibrary.csproj", "{d76faed3-4ada-7503-114f-9a9fbee6af00}"
EndProject
Project("{FAE04EC0-301F-11D3-BF4B-00C04F79EFBC}") = "Unity.InternalAPIEngineBridge.001", "Unity.InternalAPIEngineBridge.001.csproj", "{e7fc30a0-fd92-beb3-1fe8-f66de00d76d1}"
EndProject
Project("{FAE04EC0-301F-11D3-BF4B-00C04F79EFBC}") = "UnityEngine.Purchasing.AppleStub", "UnityEngine.Purchasing.AppleStub.csproj", "{876a276b-276d-f742-b554-e9c5988120f0}"
EndProject
Project("{FAE04EC0-301F-11D3-BF4B-00C04F79EFBC}") = "Unity.RenderPipelines.Universal.Shaders", "Unity.RenderPipelines.Universal.Shaders.csproj", "{df25c425-3ff7-84c1-65e3-dbea422fcd04}"
EndProject
Project("{FAE04EC0-301F-11D3-BF4B-00C04F79EFBC}") = "Unity.PlasticSCM.Editor", "Unity.PlasticSCM.Editor.csproj", "{4b1bec61-364d-9cbc-e079-0db2d60ee17e}"
EndProject
Project("{FAE04EC0-301F-11D3-BF4B-00C04F79EFBC}") = "Unity.VisualScripting.Core.Editor", "Unity.VisualScripting.Core.Editor.csproj", "{88157385-021f-6457-9b39-917c79b50929}"
EndProject
Project("{FAE04EC0-301F-11D3-BF4B-00C04F79EFBC}") = "Unity.ShaderGraph.Editor", "Unity.ShaderGraph.Editor.csproj", "{9d9491e9-9905-bd76-b82b-742db171ee27}"
EndProject
Project("{FAE04EC0-301F-11D3-BF4B-00C04F79EFBC}") = "Unity.Timeline.Editor", "Unity.Timeline.Editor.csproj", "{9c4dc664-369e-1691-d162-20bae9c65a33}"
EndProject
Project("{FAE04EC0-301F-11D3-BF4B-00C04F79EFBC}") = "Unity.RenderPipelines.Universal.Editor", "Unity.RenderPipelines.Universal.Editor.csproj", "{25ea1479-7b8e-59cf-5c34-8f45bfb119a4}"
EndProject
Project("{FAE04EC0-301F-11D3-BF4B-00C04F79EFBC}") = "Unity.TextMeshPro.Editor", "Unity.TextMeshPro.Editor.csproj", "{edcb478a-0fd4-4a20-28e6-a46951932840}"
EndProject
Project("{FAE04EC0-301F-11D3-BF4B-00C04F79EFBC}") = "Unity.2D.Animation.Editor", "Unity.2D.Animation.Editor.csproj", "{6a6ff730-68e1-6df4-04b6-206d150d007b}"
EndProject
Project("{FAE04EC0-301F-11D3-BF4B-00C04F79EFBC}") = "Unity.VisualScripting.SettingsProvider.Editor", "Unity.VisualScripting.SettingsProvider.Editor.csproj", "{b814395f-b7e9-ddd5-0b0f-e1c132d8f65f}"
EndProject
Project("{FAE04EC0-301F-11D3-BF4B-00C04F79EFBC}") = "UnityEditor.TestRunner", "UnityEditor.TestRunner.csproj", "{c8796af1-d8e5-8530-303d-80189c24c287}"
EndProject
Project("{FAE04EC0-301F-11D3-BF4B-00C04F79EFBC}") = "Unity.2D.Tilemap.Editor", "Unity.2D.Tilemap.Editor.csproj", "{952b4a47-656c-d9b6-66fe-a1e2dc31a808}"
EndProject
Project("{FAE04EC0-301F-11D3-BF4B-00C04F79EFBC}") = "Unity.VisualScripting.Flow.Editor", "Unity.VisualScripting.Flow.Editor.csproj", "{0d5706c7-e754-b296-e86b-556151cacf00}"
EndProject
Project("{FAE04EC0-301F-11D3-BF4B-00C04F79EFBC}") = "Unity.Rider.Editor", "Unity.Rider.Editor.csproj", "{ef7c66a4-969d-bbed-832e-b23b570c6e75}"
EndProject
Project("{FAE04EC0-301F-11D3-BF4B-00C04F79EFBC}") = "Unity.Mediation.Build.Editor", "Unity.Mediation.Build.Editor.csproj", "{a25f22cd-d25d-7e4f-8f7b-5e2e366629f9}"
EndProject
Project("{FAE04EC0-301F-11D3-BF4B-00C04F79EFBC}") = "Unity.2D.Path.Editor", "Unity.2D.Path.Editor.csproj", "{600766ce-d4ea-8c58-2556-31d4f6fd99ef}"
EndProject
Project("{FAE04EC0-301F-11D3-BF4B-00C04F79EFBC}") = "PsdPlugin", "PsdPlugin.csproj", "{cf7cbaac-5462-2fcc-c5b2-fe9ed772e0ca}"
EndProject
Project("{FAE04EC0-301F-11D3-BF4B-00C04F79EFBC}") = "Unity.RenderPipelines.Core.Editor", "Unity.RenderPipelines.Core.Editor.csproj", "{c53c9abc-9cea-1151-f4a6-cf72f1d87dac}"
EndProject
Project("{FAE04EC0-301F-11D3-BF4B-00C04F79EFBC}") = "Unity.Services.Core.Editor", "Unity.Services.Core.Editor.csproj", "{e33a1b11-392d-cf7f-9fd3-9d175d76ee6a}"
EndProject
Project("{FAE04EC0-301F-11D3-BF4B-00C04F79EFBC}") = "Unity.2D.SpriteShape.Editor", "Unity.2D.SpriteShape.Editor.csproj", "{198caec0-f711-8ece-6a0c-b90f602ec90b}"
EndProject
Project("{FAE04EC0-301F-11D3-BF4B-00C04F79EFBC}") = "UnityEditor.Purchasing", "UnityEditor.Purchasing.csproj", "{66dcb3e0-b636-ec16-2416-1c7c176a55f7}"
EndProject
Project("{FAE04EC0-301F-11D3-BF4B-00C04F79EFBC}") = "Unity.Burst.CodeGen", "Unity.Burst.CodeGen.csproj", "{a9390f18-da4e-e3c6-d0ba-fcd6c6aca54b}"
EndProject
Project("{FAE04EC0-301F-11D3-BF4B-00C04F79EFBC}") = "Unity.2D.PixelPerfect.Editor", "Unity.2D.PixelPerfect.Editor.csproj", "{5f74e785-b2cb-81e2-eb73-97fd1d9ed717}"
EndProject
Project("{FAE04EC0-301F-11D3-BF4B-00C04F79EFBC}") = "Unity.VSCode.Editor", "Unity.VSCode.Editor.csproj", "{951e3808-a9a1-c14f-8fb7-08ade741bb13}"
EndProject
Project("{FAE04EC0-301F-11D3-BF4B-00C04F79EFBC}") = "AstarPathfindingProjectEditor", "AstarPathfindingProjectEditor.csproj", "{be9eb7dd-6738-0a78-a029-c73e58cd4c3c}"
EndProject
Project("{FAE04EC0-301F-11D3-BF4B-00C04F79EFBC}") = "Unity.VisualStudio.Editor", "Unity.VisualStudio.Editor.csproj", "{f9d4bb90-0fb0-6f90-67f6-2ca9b1ee6736}"
EndProject
Project("{FAE04EC0-301F-11D3-BF4B-00C04F79EFBC}") = "Unity.Mediation.Settings.Editor", "Unity.Mediation.Settings.Editor.csproj", "{28de49e2-1733-5030-827f-6fc0b09c7f65}"
EndProject
Project("{FAE04EC0-301F-11D3-BF4B-00C04F79EFBC}") = "Unity.Settings.Editor", "Unity.Settings.Editor.csproj", "{7dce87ab-434b-92e6-17ce-eea99a662712}"
EndProject
Project("{FAE04EC0-301F-11D3-BF4B-00C04F79EFBC}") = "UnityEditor.SpatialTracking", "UnityEditor.SpatialTracking.csproj", "{214f1922-e76e-b162-0f88-c9d8b46432f5}"
EndProject
Project("{FAE04EC0-301F-11D3-BF4B-00C04F79EFBC}") = "PPv2URPConverters", "PPv2URPConverters.csproj", "{abfb3074-a4e3-67d5-e05c-88752311041c}"
EndProject
Project("{FAE04EC0-301F-11D3-BF4B-00C04F79EFBC}") = "Unity.2D.Sprite.Editor", "Unity.2D.Sprite.Editor.csproj", "{a241062c-608b-8375-0201-bc595a819b5f}"
EndProject
Project("{FAE04EC0-301F-11D3-BF4B-00C04F79EFBC}") = "Unity.2D.Common.Editor", "Unity.2D.Common.Editor.csproj", "{5ecce17e-3ca0-209f-f881-9fd8d7ede7c2}"
EndProject
Project("{FAE04EC0-301F-11D3-BF4B-00C04F79EFBC}") = "Unity.CollabProxy.Editor", "Unity.CollabProxy.Editor.csproj", "{7a5262b9-2736-9eec-3955-f60ed16fe8ca}"
EndProject
Project("{FAE04EC0-301F-11D3-BF4B-00C04F79EFBC}") = "Unity.2D.Psdimporter.Editor", "Unity.2D.Psdimporter.Editor.csproj", "{94034c2e-2a74-1a67-fc48-55ef319212d2}"
EndProject
Project("{FAE04EC0-301F-11D3-BF4B-00C04F79EFBC}") = "Unity.VisualScripting.State.Editor", "Unity.VisualScripting.State.Editor.csproj", "{b07f1aac-f81b-294a-ce75-f0d61759e2cc}"
EndProject
Project("{FAE04EC0-301F-11D3-BF4B-00C04F79EFBC}") = "UnityEditor.UI", "UnityEditor.UI.csproj", "{293c80de-ecd1-d186-9d2b-fa30a0a7b9c3}"
EndProject
Project("{FAE04EC0-301F-11D3-BF4B-00C04F79EFBC}") = "UnityEditor.XR.LegacyInputHelpers", "UnityEditor.XR.LegacyInputHelpers.csproj", "{1f5cde14-29f7-0718-3695-b080c2061905}"
EndProject
Project("{FAE04EC0-301F-11D3-BF4B-00C04F79EFBC}") = "Unity.Searcher.Editor", "Unity.Searcher.Editor.csproj", "{ab02fc58-c572-24a8-660d-4499c11c26b0}"
EndProject
Project("{FAE04EC0-301F-11D3-BF4B-00C04F79EFBC}") = "Unity.Services.Core.Configuration.Editor", "Unity.Services.Core.Configuration.Editor.csproj", "{1459786e-1052-4359-548d-f6de77ec0ee6}"
EndProject
Project("{FAE04EC0-301F-11D3-BF4B-00C04F79EFBC}") = "Unity.Burst.Editor", "Unity.Burst.Editor.csproj", "{97ca6b3a-92b8-0d1d-cc83-0c1b02e46c5a}"
EndProject
Project("{FAE04EC0-301F-11D3-BF4B-00C04F79EFBC}") = "Unity.2D.IK.Editor", "Unity.2D.IK.Editor.csproj", "{5d70213d-191e-20e2-cfcf-7688377eba99}"
EndProject
Project("{FAE04EC0-301F-11D3-BF4B-00C04F79EFBC}") = "PlayServicesResolver.Utils.Editor", "PlayServicesResolver.Utils.Editor.csproj", "{fb7edae9-2add-34f9-36f6-7a7716a37ed5}"
EndProject
Project("{FAE04EC0-301F-11D3-BF4B-00C04F79EFBC}") = "PackageToolsEditor", "PackageToolsEditor.csproj", "{f4ec956d-4ad2-0e8b-230b-0792b1d45dda}"
EndProject
Project("{FAE04EC0-301F-11D3-BF4B-00C04F79EFBC}") = "Unity.ShaderGraph.Utilities", "Unity.ShaderGraph.Utilities.csproj", "{be77fe02-5c9d-ce2e-45de-b77cee99dbb2}"
EndProject
Project("{FAE04EC0-301F-11D3-BF4B-00C04F79EFBC}") = "PlayServicesResolver.Installer.Editor", "PlayServicesResolver.Installer.Editor.csproj", "{67cf7faa-6025-f94c-870f-a7c3ffc6c44f}"
EndProject
Project("{FAE04EC0-301F-11D3-BF4B-00C04F79EFBC}") = "Unity.Mathematics.Editor", "Unity.Mathematics.Editor.csproj", "{ec896162-bea0-d10b-8fd6-8339ea62ffbc}"
EndProject
Project("{FAE04EC0-301F-11D3-BF4B-00C04F79EFBC}") = "Unity.Mediation.Adapters.Editor", "Unity.Mediation.Adapters.Editor.csproj", "{ecdd6dd8-1a4f-dcc2-79db-e90b9e65bbc3}"
EndProject
Project("{FAE04EC0-301F-11D3-BF4B-00C04F79EFBC}") = "Unity.2D.Tilemap.Extras.Editor", "Unity.2D.Tilemap.Extras.Editor.csproj", "{32cc6bc5-5445-562e-1eed-5b6c3fe11926}"
EndProject
Project("{FAE04EC0-301F-11D3-BF4B-00C04F79EFBC}") = "Unity.InternalAPIEditorBridge.001", "Unity.InternalAPIEditorBridge.001.csproj", "{dc333182-156b-6419-ace6-ac1ee68f9498}"
EndProject
Project("{FAE04EC0-301F-11D3-BF4B-00C04F79EFBC}") = "Analytics", "Analytics.csproj", "{5a429201-cc6a-8714-74b1-558a7305730a}"
EndProject
Project("{FAE04EC0-301F-11D3-BF4B-00C04F79EFBC}") = "Unity.VisualScripting.Shared.Editor", "Unity.VisualScripting.Shared.Editor.csproj", "{1457bf50-3147-3df6-d4df-3c35ebe323b0}"
EndProject
Global
	GlobalSection(SolutionConfigurationPlatforms) = preSolution
		Debug|Any CPU = Debug|Any CPU
	EndGlobalSection
	GlobalSection(ProjectConfigurationPlatforms) = postSolution
		{d289d553-7692-baee-ee33-b728f41b54b1}.Debug|Any CPU.ActiveCfg = Debug|Any CPU
		{d289d553-7692-baee-ee33-b728f41b54b1}.Debug|Any CPU.Build.0 = Debug|Any CPU
		{6c7369ec-7740-ad9a-a897-952d2413b53e}.Debug|Any CPU.ActiveCfg = Debug|Any CPU
		{6c7369ec-7740-ad9a-a897-952d2413b53e}.Debug|Any CPU.Build.0 = Debug|Any CPU
		{b8738621-5b4e-be52-a2e0-bffbd4c6804a}.Debug|Any CPU.ActiveCfg = Debug|Any CPU
		{b8738621-5b4e-be52-a2e0-bffbd4c6804a}.Debug|Any CPU.Build.0 = Debug|Any CPU
		{fb108eef-5744-57ba-5379-d70f30463b46}.Debug|Any CPU.ActiveCfg = Debug|Any CPU
		{fb108eef-5744-57ba-5379-d70f30463b46}.Debug|Any CPU.Build.0 = Debug|Any CPU
		{275fcab0-170e-21f5-10eb-fc86bef98cdf}.Debug|Any CPU.ActiveCfg = Debug|Any CPU
		{275fcab0-170e-21f5-10eb-fc86bef98cdf}.Debug|Any CPU.Build.0 = Debug|Any CPU
		{1712c322-a7cf-f9f2-3867-c1830baa59ff}.Debug|Any CPU.ActiveCfg = Debug|Any CPU
		{1712c322-a7cf-f9f2-3867-c1830baa59ff}.Debug|Any CPU.Build.0 = Debug|Any CPU
		{7a7b7577-9df0-ddd2-53b2-887171fa6b37}.Debug|Any CPU.ActiveCfg = Debug|Any CPU
		{7a7b7577-9df0-ddd2-53b2-887171fa6b37}.Debug|Any CPU.Build.0 = Debug|Any CPU
		{ad59864d-06a1-eec8-bcda-e2be86384995}.Debug|Any CPU.ActiveCfg = Debug|Any CPU
		{ad59864d-06a1-eec8-bcda-e2be86384995}.Debug|Any CPU.Build.0 = Debug|Any CPU
		{d4f2a35b-fb8c-f608-d027-d5e160d7bf9f}.Debug|Any CPU.ActiveCfg = Debug|Any CPU
		{d4f2a35b-fb8c-f608-d027-d5e160d7bf9f}.Debug|Any CPU.Build.0 = Debug|Any CPU
		{49a2c231-ca93-eba0-c50f-e7e96336cbea}.Debug|Any CPU.ActiveCfg = Debug|Any CPU
		{49a2c231-ca93-eba0-c50f-e7e96336cbea}.Debug|Any CPU.Build.0 = Debug|Any CPU
		{1f634442-f486-d2d0-a349-240a0ebf1569}.Debug|Any CPU.ActiveCfg = Debug|Any CPU
		{1f634442-f486-d2d0-a349-240a0ebf1569}.Debug|Any CPU.Build.0 = Debug|Any CPU
		{9741fb34-4232-639b-f94f-aa49fe71448c}.Debug|Any CPU.ActiveCfg = Debug|Any CPU
		{9741fb34-4232-639b-f94f-aa49fe71448c}.Debug|Any CPU.Build.0 = Debug|Any CPU
		{17007daf-a086-d49a-4142-ff6c894f6a82}.Debug|Any CPU.ActiveCfg = Debug|Any CPU
		{17007daf-a086-d49a-4142-ff6c894f6a82}.Debug|Any CPU.Build.0 = Debug|Any CPU
		{3c61630b-93ee-7d03-cdea-0ab3ebd7c52c}.Debug|Any CPU.ActiveCfg = Debug|Any CPU
		{3c61630b-93ee-7d03-cdea-0ab3ebd7c52c}.Debug|Any CPU.Build.0 = Debug|Any CPU
		{3fbeeedb-29b9-e8bf-90b1-729e3cb22cb3}.Debug|Any CPU.ActiveCfg = Debug|Any CPU
		{3fbeeedb-29b9-e8bf-90b1-729e3cb22cb3}.Debug|Any CPU.Build.0 = Debug|Any CPU
		{7f032456-91ec-0f96-4a2b-e6146c24fa27}.Debug|Any CPU.ActiveCfg = Debug|Any CPU
		{7f032456-91ec-0f96-4a2b-e6146c24fa27}.Debug|Any CPU.Build.0 = Debug|Any CPU
		{58c687e9-27aa-d61f-b124-81d62423106b}.Debug|Any CPU.ActiveCfg = Debug|Any CPU
		{58c687e9-27aa-d61f-b124-81d62423106b}.Debug|Any CPU.Build.0 = Debug|Any CPU
		{52b2e83d-8d40-d43a-ad52-07a54759a786}.Debug|Any CPU.ActiveCfg = Debug|Any CPU
		{52b2e83d-8d40-d43a-ad52-07a54759a786}.Debug|Any CPU.Build.0 = Debug|Any CPU
		{19951c36-0e04-49a1-0991-9b247aefd430}.Debug|Any CPU.ActiveCfg = Debug|Any CPU
		{19951c36-0e04-49a1-0991-9b247aefd430}.Debug|Any CPU.Build.0 = Debug|Any CPU
		{f7823316-927e-d2be-8084-e2e18feff58b}.Debug|Any CPU.ActiveCfg = Debug|Any CPU
		{f7823316-927e-d2be-8084-e2e18feff58b}.Debug|Any CPU.Build.0 = Debug|Any CPU
		{3830ed3e-8b28-b343-ab65-1a074ae22073}.Debug|Any CPU.ActiveCfg = Debug|Any CPU
		{3830ed3e-8b28-b343-ab65-1a074ae22073}.Debug|Any CPU.Build.0 = Debug|Any CPU
		{1bcdeaa0-d1de-b740-521d-7802ea19657c}.Debug|Any CPU.ActiveCfg = Debug|Any CPU
		{1bcdeaa0-d1de-b740-521d-7802ea19657c}.Debug|Any CPU.Build.0 = Debug|Any CPU
		{c5dc7e3a-86ca-84c1-f71d-5820481d0934}.Debug|Any CPU.ActiveCfg = Debug|Any CPU
		{c5dc7e3a-86ca-84c1-f71d-5820481d0934}.Debug|Any CPU.Build.0 = Debug|Any CPU
		{be1f6de8-1df4-83f4-748b-2dc93bab5a97}.Debug|Any CPU.ActiveCfg = Debug|Any CPU
		{be1f6de8-1df4-83f4-748b-2dc93bab5a97}.Debug|Any CPU.Build.0 = Debug|Any CPU
		{de48aea0-f8cf-b438-4927-d4254fd2beda}.Debug|Any CPU.ActiveCfg = Debug|Any CPU
		{de48aea0-f8cf-b438-4927-d4254fd2beda}.Debug|Any CPU.Build.0 = Debug|Any CPU
		{08457a34-50f5-7cd3-add6-be2538a964a6}.Debug|Any CPU.ActiveCfg = Debug|Any CPU
		{08457a34-50f5-7cd3-add6-be2538a964a6}.Debug|Any CPU.Build.0 = Debug|Any CPU
		{c8eb7b07-15d9-0cec-ce62-94d9924e503d}.Debug|Any CPU.ActiveCfg = Debug|Any CPU
		{c8eb7b07-15d9-0cec-ce62-94d9924e503d}.Debug|Any CPU.Build.0 = Debug|Any CPU
		{3858849b-194a-20f1-b10e-ca4aca6640e4}.Debug|Any CPU.ActiveCfg = Debug|Any CPU
		{3858849b-194a-20f1-b10e-ca4aca6640e4}.Debug|Any CPU.Build.0 = Debug|Any CPU
		{c6d48b15-4081-922c-fb15-c33fa7ca117b}.Debug|Any CPU.ActiveCfg = Debug|Any CPU
		{c6d48b15-4081-922c-fb15-c33fa7ca117b}.Debug|Any CPU.Build.0 = Debug|Any CPU
		{da44f399-5ab9-a6e9-f323-2b9f9aab26cb}.Debug|Any CPU.ActiveCfg = Debug|Any CPU
		{da44f399-5ab9-a6e9-f323-2b9f9aab26cb}.Debug|Any CPU.Build.0 = Debug|Any CPU
		{e7f0a040-ba68-53b1-2720-788ae3fd86c3}.Debug|Any CPU.ActiveCfg = Debug|Any CPU
		{e7f0a040-ba68-53b1-2720-788ae3fd86c3}.Debug|Any CPU.Build.0 = Debug|Any CPU
		{b792594a-8c63-9422-e25c-e0360a11505d}.Debug|Any CPU.ActiveCfg = Debug|Any CPU
		{b792594a-8c63-9422-e25c-e0360a11505d}.Debug|Any CPU.Build.0 = Debug|Any CPU
		{31d9f0b4-52aa-acaa-9ddd-4ea0aff148fe}.Debug|Any CPU.ActiveCfg = Debug|Any CPU
		{31d9f0b4-52aa-acaa-9ddd-4ea0aff148fe}.Debug|Any CPU.Build.0 = Debug|Any CPU
		{606d6dbf-2afb-4a88-2fca-c588bc8fd939}.Debug|Any CPU.ActiveCfg = Debug|Any CPU
		{606d6dbf-2afb-4a88-2fca-c588bc8fd939}.Debug|Any CPU.Build.0 = Debug|Any CPU
		{b10e625e-c1db-c7cf-0e84-3f627f82c1c4}.Debug|Any CPU.ActiveCfg = Debug|Any CPU
		{b10e625e-c1db-c7cf-0e84-3f627f82c1c4}.Debug|Any CPU.Build.0 = Debug|Any CPU
		{b61bd9c7-e439-4e60-f157-529e884fa7ef}.Debug|Any CPU.ActiveCfg = Debug|Any CPU
		{b61bd9c7-e439-4e60-f157-529e884fa7ef}.Debug|Any CPU.Build.0 = Debug|Any CPU
		{00aa4732-4c89-f581-9368-682b5ee4dd55}.Debug|Any CPU.ActiveCfg = Debug|Any CPU
		{00aa4732-4c89-f581-9368-682b5ee4dd55}.Debug|Any CPU.Build.0 = Debug|Any CPU
		{fc59d294-beb1-a7c2-3568-e885e3121684}.Debug|Any CPU.ActiveCfg = Debug|Any CPU
		{fc59d294-beb1-a7c2-3568-e885e3121684}.Debug|Any CPU.Build.0 = Debug|Any CPU
		{dadd555b-bcea-2c4e-0d24-ab25ab87c6b6}.Debug|Any CPU.ActiveCfg = Debug|Any CPU
		{dadd555b-bcea-2c4e-0d24-ab25ab87c6b6}.Debug|Any CPU.Build.0 = Debug|Any CPU
		{a2a20e34-39b6-2dda-0bf3-0581aa6ebe12}.Debug|Any CPU.ActiveCfg = Debug|Any CPU
		{a2a20e34-39b6-2dda-0bf3-0581aa6ebe12}.Debug|Any CPU.Build.0 = Debug|Any CPU
		{d26692b3-801b-ba67-6ad2-29db35e447eb}.Debug|Any CPU.ActiveCfg = Debug|Any CPU
		{d26692b3-801b-ba67-6ad2-29db35e447eb}.Debug|Any CPU.Build.0 = Debug|Any CPU
		{41d4c922-18bf-89ce-1dba-fac32c3ac680}.Debug|Any CPU.ActiveCfg = Debug|Any CPU
		{41d4c922-18bf-89ce-1dba-fac32c3ac680}.Debug|Any CPU.Build.0 = Debug|Any CPU
		{d086371a-d169-d27c-786e-15fb828afcec}.Debug|Any CPU.ActiveCfg = Debug|Any CPU
		{d086371a-d169-d27c-786e-15fb828afcec}.Debug|Any CPU.Build.0 = Debug|Any CPU
		{817cabe8-90ee-079c-d793-65e8b8ed3a9c}.Debug|Any CPU.ActiveCfg = Debug|Any CPU
		{817cabe8-90ee-079c-d793-65e8b8ed3a9c}.Debug|Any CPU.Build.0 = Debug|Any CPU
		{e32929cf-14c1-fdd3-0dc5-7a97afad3541}.Debug|Any CPU.ActiveCfg = Debug|Any CPU
		{e32929cf-14c1-fdd3-0dc5-7a97afad3541}.Debug|Any CPU.Build.0 = Debug|Any CPU
		{1062ec9d-9b7a-e52f-7012-ed349f14bb27}.Debug|Any CPU.ActiveCfg = Debug|Any CPU
		{1062ec9d-9b7a-e52f-7012-ed349f14bb27}.Debug|Any CPU.Build.0 = Debug|Any CPU
		{9c2bd7a7-027b-cbf6-c2c1-08fef787faaf}.Debug|Any CPU.ActiveCfg = Debug|Any CPU
		{9c2bd7a7-027b-cbf6-c2c1-08fef787faaf}.Debug|Any CPU.Build.0 = Debug|Any CPU
		{d76faed3-4ada-7503-114f-9a9fbee6af00}.Debug|Any CPU.ActiveCfg = Debug|Any CPU
		{d76faed3-4ada-7503-114f-9a9fbee6af00}.Debug|Any CPU.Build.0 = Debug|Any CPU
		{e7fc30a0-fd92-beb3-1fe8-f66de00d76d1}.Debug|Any CPU.ActiveCfg = Debug|Any CPU
		{e7fc30a0-fd92-beb3-1fe8-f66de00d76d1}.Debug|Any CPU.Build.0 = Debug|Any CPU
		{876a276b-276d-f742-b554-e9c5988120f0}.Debug|Any CPU.ActiveCfg = Debug|Any CPU
		{876a276b-276d-f742-b554-e9c5988120f0}.Debug|Any CPU.Build.0 = Debug|Any CPU
		{df25c425-3ff7-84c1-65e3-dbea422fcd04}.Debug|Any CPU.ActiveCfg = Debug|Any CPU
		{df25c425-3ff7-84c1-65e3-dbea422fcd04}.Debug|Any CPU.Build.0 = Debug|Any CPU
		{4b1bec61-364d-9cbc-e079-0db2d60ee17e}.Debug|Any CPU.ActiveCfg = Debug|Any CPU
		{4b1bec61-364d-9cbc-e079-0db2d60ee17e}.Debug|Any CPU.Build.0 = Debug|Any CPU
		{88157385-021f-6457-9b39-917c79b50929}.Debug|Any CPU.ActiveCfg = Debug|Any CPU
		{88157385-021f-6457-9b39-917c79b50929}.Debug|Any CPU.Build.0 = Debug|Any CPU
		{9d9491e9-9905-bd76-b82b-742db171ee27}.Debug|Any CPU.ActiveCfg = Debug|Any CPU
		{9d9491e9-9905-bd76-b82b-742db171ee27}.Debug|Any CPU.Build.0 = Debug|Any CPU
		{9c4dc664-369e-1691-d162-20bae9c65a33}.Debug|Any CPU.ActiveCfg = Debug|Any CPU
		{9c4dc664-369e-1691-d162-20bae9c65a33}.Debug|Any CPU.Build.0 = Debug|Any CPU
		{25ea1479-7b8e-59cf-5c34-8f45bfb119a4}.Debug|Any CPU.ActiveCfg = Debug|Any CPU
		{25ea1479-7b8e-59cf-5c34-8f45bfb119a4}.Debug|Any CPU.Build.0 = Debug|Any CPU
		{edcb478a-0fd4-4a20-28e6-a46951932840}.Debug|Any CPU.ActiveCfg = Debug|Any CPU
		{edcb478a-0fd4-4a20-28e6-a46951932840}.Debug|Any CPU.Build.0 = Debug|Any CPU
		{6a6ff730-68e1-6df4-04b6-206d150d007b}.Debug|Any CPU.ActiveCfg = Debug|Any CPU
		{6a6ff730-68e1-6df4-04b6-206d150d007b}.Debug|Any CPU.Build.0 = Debug|Any CPU
		{b814395f-b7e9-ddd5-0b0f-e1c132d8f65f}.Debug|Any CPU.ActiveCfg = Debug|Any CPU
		{b814395f-b7e9-ddd5-0b0f-e1c132d8f65f}.Debug|Any CPU.Build.0 = Debug|Any CPU
		{c8796af1-d8e5-8530-303d-80189c24c287}.Debug|Any CPU.ActiveCfg = Debug|Any CPU
		{c8796af1-d8e5-8530-303d-80189c24c287}.Debug|Any CPU.Build.0 = Debug|Any CPU
		{952b4a47-656c-d9b6-66fe-a1e2dc31a808}.Debug|Any CPU.ActiveCfg = Debug|Any CPU
		{952b4a47-656c-d9b6-66fe-a1e2dc31a808}.Debug|Any CPU.Build.0 = Debug|Any CPU
		{0d5706c7-e754-b296-e86b-556151cacf00}.Debug|Any CPU.ActiveCfg = Debug|Any CPU
		{0d5706c7-e754-b296-e86b-556151cacf00}.Debug|Any CPU.Build.0 = Debug|Any CPU
		{ef7c66a4-969d-bbed-832e-b23b570c6e75}.Debug|Any CPU.ActiveCfg = Debug|Any CPU
		{ef7c66a4-969d-bbed-832e-b23b570c6e75}.Debug|Any CPU.Build.0 = Debug|Any CPU
		{a25f22cd-d25d-7e4f-8f7b-5e2e366629f9}.Debug|Any CPU.ActiveCfg = Debug|Any CPU
		{a25f22cd-d25d-7e4f-8f7b-5e2e366629f9}.Debug|Any CPU.Build.0 = Debug|Any CPU
		{600766ce-d4ea-8c58-2556-31d4f6fd99ef}.Debug|Any CPU.ActiveCfg = Debug|Any CPU
		{600766ce-d4ea-8c58-2556-31d4f6fd99ef}.Debug|Any CPU.Build.0 = Debug|Any CPU
		{cf7cbaac-5462-2fcc-c5b2-fe9ed772e0ca}.Debug|Any CPU.ActiveCfg = Debug|Any CPU
		{cf7cbaac-5462-2fcc-c5b2-fe9ed772e0ca}.Debug|Any CPU.Build.0 = Debug|Any CPU
		{c53c9abc-9cea-1151-f4a6-cf72f1d87dac}.Debug|Any CPU.ActiveCfg = Debug|Any CPU
		{c53c9abc-9cea-1151-f4a6-cf72f1d87dac}.Debug|Any CPU.Build.0 = Debug|Any CPU
		{e33a1b11-392d-cf7f-9fd3-9d175d76ee6a}.Debug|Any CPU.ActiveCfg = Debug|Any CPU
		{e33a1b11-392d-cf7f-9fd3-9d175d76ee6a}.Debug|Any CPU.Build.0 = Debug|Any CPU
		{198caec0-f711-8ece-6a0c-b90f602ec90b}.Debug|Any CPU.ActiveCfg = Debug|Any CPU
		{198caec0-f711-8ece-6a0c-b90f602ec90b}.Debug|Any CPU.Build.0 = Debug|Any CPU
		{66dcb3e0-b636-ec16-2416-1c7c176a55f7}.Debug|Any CPU.ActiveCfg = Debug|Any CPU
		{66dcb3e0-b636-ec16-2416-1c7c176a55f7}.Debug|Any CPU.Build.0 = Debug|Any CPU
		{a9390f18-da4e-e3c6-d0ba-fcd6c6aca54b}.Debug|Any CPU.ActiveCfg = Debug|Any CPU
		{a9390f18-da4e-e3c6-d0ba-fcd6c6aca54b}.Debug|Any CPU.Build.0 = Debug|Any CPU
		{5f74e785-b2cb-81e2-eb73-97fd1d9ed717}.Debug|Any CPU.ActiveCfg = Debug|Any CPU
		{5f74e785-b2cb-81e2-eb73-97fd1d9ed717}.Debug|Any CPU.Build.0 = Debug|Any CPU
		{951e3808-a9a1-c14f-8fb7-08ade741bb13}.Debug|Any CPU.ActiveCfg = Debug|Any CPU
		{951e3808-a9a1-c14f-8fb7-08ade741bb13}.Debug|Any CPU.Build.0 = Debug|Any CPU
		{be9eb7dd-6738-0a78-a029-c73e58cd4c3c}.Debug|Any CPU.ActiveCfg = Debug|Any CPU
		{be9eb7dd-6738-0a78-a029-c73e58cd4c3c}.Debug|Any CPU.Build.0 = Debug|Any CPU
		{f9d4bb90-0fb0-6f90-67f6-2ca9b1ee6736}.Debug|Any CPU.ActiveCfg = Debug|Any CPU
		{f9d4bb90-0fb0-6f90-67f6-2ca9b1ee6736}.Debug|Any CPU.Build.0 = Debug|Any CPU
		{28de49e2-1733-5030-827f-6fc0b09c7f65}.Debug|Any CPU.ActiveCfg = Debug|Any CPU
		{28de49e2-1733-5030-827f-6fc0b09c7f65}.Debug|Any CPU.Build.0 = Debug|Any CPU
		{7dce87ab-434b-92e6-17ce-eea99a662712}.Debug|Any CPU.ActiveCfg = Debug|Any CPU
		{7dce87ab-434b-92e6-17ce-eea99a662712}.Debug|Any CPU.Build.0 = Debug|Any CPU
		{214f1922-e76e-b162-0f88-c9d8b46432f5}.Debug|Any CPU.ActiveCfg = Debug|Any CPU
		{214f1922-e76e-b162-0f88-c9d8b46432f5}.Debug|Any CPU.Build.0 = Debug|Any CPU
		{abfb3074-a4e3-67d5-e05c-88752311041c}.Debug|Any CPU.ActiveCfg = Debug|Any CPU
		{abfb3074-a4e3-67d5-e05c-88752311041c}.Debug|Any CPU.Build.0 = Debug|Any CPU
		{a241062c-608b-8375-0201-bc595a819b5f}.Debug|Any CPU.ActiveCfg = Debug|Any CPU
		{a241062c-608b-8375-0201-bc595a819b5f}.Debug|Any CPU.Build.0 = Debug|Any CPU
		{5ecce17e-3ca0-209f-f881-9fd8d7ede7c2}.Debug|Any CPU.ActiveCfg = Debug|Any CPU
		{5ecce17e-3ca0-209f-f881-9fd8d7ede7c2}.Debug|Any CPU.Build.0 = Debug|Any CPU
		{7a5262b9-2736-9eec-3955-f60ed16fe8ca}.Debug|Any CPU.ActiveCfg = Debug|Any CPU
		{7a5262b9-2736-9eec-3955-f60ed16fe8ca}.Debug|Any CPU.Build.0 = Debug|Any CPU
		{94034c2e-2a74-1a67-fc48-55ef319212d2}.Debug|Any CPU.ActiveCfg = Debug|Any CPU
		{94034c2e-2a74-1a67-fc48-55ef319212d2}.Debug|Any CPU.Build.0 = Debug|Any CPU
		{b07f1aac-f81b-294a-ce75-f0d61759e2cc}.Debug|Any CPU.ActiveCfg = Debug|Any CPU
		{b07f1aac-f81b-294a-ce75-f0d61759e2cc}.Debug|Any CPU.Build.0 = Debug|Any CPU
		{293c80de-ecd1-d186-9d2b-fa30a0a7b9c3}.Debug|Any CPU.ActiveCfg = Debug|Any CPU
		{293c80de-ecd1-d186-9d2b-fa30a0a7b9c3}.Debug|Any CPU.Build.0 = Debug|Any CPU
		{1f5cde14-29f7-0718-3695-b080c2061905}.Debug|Any CPU.ActiveCfg = Debug|Any CPU
		{1f5cde14-29f7-0718-3695-b080c2061905}.Debug|Any CPU.Build.0 = Debug|Any CPU
		{ab02fc58-c572-24a8-660d-4499c11c26b0}.Debug|Any CPU.ActiveCfg = Debug|Any CPU
		{ab02fc58-c572-24a8-660d-4499c11c26b0}.Debug|Any CPU.Build.0 = Debug|Any CPU
		{1459786e-1052-4359-548d-f6de77ec0ee6}.Debug|Any CPU.ActiveCfg = Debug|Any CPU
		{1459786e-1052-4359-548d-f6de77ec0ee6}.Debug|Any CPU.Build.0 = Debug|Any CPU
		{97ca6b3a-92b8-0d1d-cc83-0c1b02e46c5a}.Debug|Any CPU.ActiveCfg = Debug|Any CPU
		{97ca6b3a-92b8-0d1d-cc83-0c1b02e46c5a}.Debug|Any CPU.Build.0 = Debug|Any CPU
		{5d70213d-191e-20e2-cfcf-7688377eba99}.Debug|Any CPU.ActiveCfg = Debug|Any CPU
		{5d70213d-191e-20e2-cfcf-7688377eba99}.Debug|Any CPU.Build.0 = Debug|Any CPU
		{fb7edae9-2add-34f9-36f6-7a7716a37ed5}.Debug|Any CPU.ActiveCfg = Debug|Any CPU
		{fb7edae9-2add-34f9-36f6-7a7716a37ed5}.Debug|Any CPU.Build.0 = Debug|Any CPU
		{f4ec956d-4ad2-0e8b-230b-0792b1d45dda}.Debug|Any CPU.ActiveCfg = Debug|Any CPU
		{f4ec956d-4ad2-0e8b-230b-0792b1d45dda}.Debug|Any CPU.Build.0 = Debug|Any CPU
		{be77fe02-5c9d-ce2e-45de-b77cee99dbb2}.Debug|Any CPU.ActiveCfg = Debug|Any CPU
		{be77fe02-5c9d-ce2e-45de-b77cee99dbb2}.Debug|Any CPU.Build.0 = Debug|Any CPU
		{67cf7faa-6025-f94c-870f-a7c3ffc6c44f}.Debug|Any CPU.ActiveCfg = Debug|Any CPU
		{67cf7faa-6025-f94c-870f-a7c3ffc6c44f}.Debug|Any CPU.Build.0 = Debug|Any CPU
		{ec896162-bea0-d10b-8fd6-8339ea62ffbc}.Debug|Any CPU.ActiveCfg = Debug|Any CPU
		{ec896162-bea0-d10b-8fd6-8339ea62ffbc}.Debug|Any CPU.Build.0 = Debug|Any CPU
		{ecdd6dd8-1a4f-dcc2-79db-e90b9e65bbc3}.Debug|Any CPU.ActiveCfg = Debug|Any CPU
		{ecdd6dd8-1a4f-dcc2-79db-e90b9e65bbc3}.Debug|Any CPU.Build.0 = Debug|Any CPU
		{32cc6bc5-5445-562e-1eed-5b6c3fe11926}.Debug|Any CPU.ActiveCfg = Debug|Any CPU
		{32cc6bc5-5445-562e-1eed-5b6c3fe11926}.Debug|Any CPU.Build.0 = Debug|Any CPU
		{dc333182-156b-6419-ace6-ac1ee68f9498}.Debug|Any CPU.ActiveCfg = Debug|Any CPU
		{dc333182-156b-6419-ace6-ac1ee68f9498}.Debug|Any CPU.Build.0 = Debug|Any CPU
		{5a429201-cc6a-8714-74b1-558a7305730a}.Debug|Any CPU.ActiveCfg = Debug|Any CPU
		{5a429201-cc6a-8714-74b1-558a7305730a}.Debug|Any CPU.Build.0 = Debug|Any CPU
		{1457bf50-3147-3df6-d4df-3c35ebe323b0}.Debug|Any CPU.ActiveCfg = Debug|Any CPU
		{1457bf50-3147-3df6-d4df-3c35ebe323b0}.Debug|Any CPU.Build.0 = Debug|Any CPU
	EndGlobalSection
	GlobalSection(SolutionProperties) = preSolution
		HideSolutionNode = FALSE
	EndGlobalSection
EndGlobal
